{
  "name": "react-js-tutorials",
  "lockfileVersion": 2,
  "requires": true,
  "packages": {
    "": {
      "dependencies": {
        "bubble": "^0.1.0"
      }
    },
    "node_modules/bubble": {
      "version": "0.1.0",
      "resolved": "https://registry.npmjs.org/bubble/-/bubble-0.1.0.tgz",
      "integrity": "sha512-kvH7gQC671zxTw8NBaGzEYlpem1l8PDAqBBmjOXaCgvG0RXC5B1gY7+QgWJovUAj595S37uM3RSlnlTEXH78FA==",
      "engines": {
        "node": ">= 0.4.0"
      }
    }
  },
  "dependencies": {
    "bubble": {
      "version": "0.1.0",
      "resolved": "https://registry.npmjs.org/bubble/-/bubble-0.1.0.tgz",
      "integrity": "sha512-kvH7gQC671zxTw8NBaGzEYlpem1l8PDAqBBmjOXaCgvG0RXC5B1gY7+QgWJovUAj595S37uM3RSlnlTEXH78FA=="
    }
  }
}
